
Microsoft Visual Studio Solution File, Format Version 12.00
# Visual Studio Version 17
VisualStudioVersion = 17.13.35825.156 d17.13
MinimumVisualStudioVersion = 10.0.40219.1
Project("{FAE04EC0-301F-11D3-BF4B-00C04F79EFBC}") = "Deneme3", "Deneme3.csproj", "{38B0B4FB-78FE-4698-B19F-87B1313553FD}"
EndProject
Global
	GlobalSection(SolutionConfigurationPlatforms) = preSolution
		Debug|Any CPU = Debug|Any CPU
		Release|Any CPU = Release|Any CPU
	EndGlobalSection
	GlobalSection(ProjectConfigurationPlatforms) = postSolution
		{38B0B4FB-78FE-4698-B19F-87B1313553FD}.Debug|Any CPU.ActiveCfg = Debug|Any CPU
		{38B0B4FB-78FE-4698-B19F-87B1313553FD}.Debug|Any CPU.Build.0 = Debug|Any CPU
		{38B0B4FB-78FE-4698-B19F-87B1313553FD}.Release|Any CPU.ActiveCfg = Release|Any CPU
		{38B0B4FB-78FE-4698-B19F-87B1313553FD}.Release|Any CPU.Build.0 = Release|Any CPU
	EndGlobalSection
	GlobalSection(SolutionProperties) = preSolution
		HideSolutionNode = FALSE
	EndGlobalSection
	GlobalSection(ExtensibilityGlobals) = postSolution
		SolutionGuid = {79C80718-D62D-47D3-8268-50D25009925E}
	EndGlobalSection
EndGlobal
